Microsoft Visual Studio Solution File, Format Version 12.00
# Visual Studio Version 17
VisualStudioVersion = 17.5.2.0
MinimumVisualStudioVersion = 10.0.40219.1
Project("{2150E333-8FDC-42A3-9474-1A3956D46DE8}") = "steamvr_driver", "steamvr_driver", "{6D07CB80-50D0-2F53-691B-F212A01E0723}"
EndProject
Project("{FAE04EC0-301F-11D3-BF4B-00C04F79EFBC}") = "HmdPipeExample", "steamvr_driver\HmdPipeExample\HmdPipeExample.csproj", "{1BF08A98-246A-1C00-BA13-C408088F5425}"
EndProject
Global
	GlobalSection(SolutionConfigurationPlatforms) = preSolution
		Debug|Any CPU = Debug|Any CPU
		Release|Any CPU = Release|Any CPU
	EndGlobalSection
	GlobalSection(ProjectConfigurationPlatforms) = postSolution
		{1BF08A98-246A-1C00-BA13-C408088F5425}.Debug|Any CPU.ActiveCfg = Debug|Any CPU
		{1BF08A98-246A-1C00-BA13-C408088F5425}.Debug|Any CPU.Build.0 = Debug|Any CPU
		{1BF08A98-246A-1C00-BA13-C408088F5425}.Release|Any CPU.ActiveCfg = Release|Any CPU
		{1BF08A98-246A-1C00-BA13-C408088F5425}.Release|Any CPU.Build.0 = Release|Any CPU
	EndGlobalSection
	GlobalSection(SolutionProperties) = preSolution
		HideSolutionNode = FALSE
	EndGlobalSection
	GlobalSection(NestedProjects) = preSolution
		{1BF08A98-246A-1C00-BA13-C408088F5425} = {6D07CB80-50D0-2F53-691B-F212A01E0723}
	EndGlobalSection
	GlobalSection(ExtensibilityGlobals) = postSolution
		SolutionGuid = {8C46EE35-B30B-402D-B2C9-B01995D7690D}
	EndGlobalSection
EndGlobal
